
Microsoft Visual Studio Solution File, Format Version 12.00
# Visual Studio 14
VisualStudioVersion = 14.0.25420.1
MinimumVisualStudioVersion = 10.0.40219.1
Project("{FAE04EC0-301F-11D3-BF4B-00C04F79EFBC}") = "FamilyAppXAML", "FamilyAppXAML\FamilyAppXAML\FamilyAppXAML.csproj", "{9916D509-6F7D-4259-8AAC-B6549A895E84}"
EndProject
Project("{FAE04EC0-301F-11D3-BF4B-00C04F79EFBC}") = "FamilyAppXAML.Droid", "FamilyAppXAML\FamilyAppXAML.Droid\FamilyAppXAML.Droid.csproj", "{80B71C19-924B-4AF2-A6A6-5956FEDA86E3}"
EndProject
Project("{FAE04EC0-301F-11D3-BF4B-00C04F79EFBC}") = "FamilyAppXAML.iOS", "FamilyAppXAML\FamilyAppXAML.iOS\FamilyAppXAML.iOS.csproj", "{8C886F9F-AB21-4E0D-8E8A-897B7323BE03}"
EndProject
Project("{FAE04EC0-301F-11D3-BF4B-00C04F79EFBC}") = "FamilyAppXAML.WinPhone", "FamilyAppXAML\FamilyAppXAML.WinPhone\FamilyAppXAML.WinPhone.csproj", "{A0C722B4-AA43-4A9F-A8A8-D02C2B1A2B61}"
EndProject
Project("{FAE04EC0-301F-11D3-BF4B-00C04F79EFBC}") = "FamilyAppXAML.UWP", "FamilyAppXAML\FamilyAppXAML.UWP\FamilyAppXAML.UWP.csproj", "{FC18A1D3-2E25-4824-BC3B-ECBFEF39F461}"
EndProject
Project("{FAE04EC0-301F-11D3-BF4B-00C04F79EFBC}") = "FamilyAppXAML.Windows", "FamilyAppXAML\FamilyAppXAML.Windows\FamilyAppXAML.Windows.csproj", "{95239B9B-56FA-465C-942B-3B06DDFA69E7}"
EndProject
Global
	GlobalSection(SolutionConfigurationPlatforms) = preSolution
		Ad-Hoc|Any CPU = Ad-Hoc|Any CPU
		Ad-Hoc|ARM = Ad-Hoc|ARM
		Ad-Hoc|iPhone = Ad-Hoc|iPhone
		Ad-Hoc|iPhoneSimulator = Ad-Hoc|iPhoneSimulator
		Ad-Hoc|x64 = Ad-Hoc|x64
		Ad-Hoc|x86 = Ad-Hoc|x86
		AppStore|Any CPU = AppStore|Any CPU
		AppStore|ARM = AppStore|ARM
		AppStore|iPhone = AppStore|iPhone
		AppStore|iPhoneSimulator = AppStore|iPhoneSimulator
		AppStore|x64 = AppStore|x64
		AppStore|x86 = AppStore|x86
		Debug|Any CPU = Debug|Any CPU
		Debug|ARM = Debug|ARM
		Debug|iPhone = Debug|iPhone
		Debug|iPhoneSimulator = Debug|iPhoneSimulator
		Debug|x64 = Debug|x64
		Debug|x86 = Debug|x86
		Release|Any CPU = Release|Any CPU
		Release|ARM = Release|ARM
		Release|iPhone = Release|iPhone
		Release|iPhoneSimulator = Release|iPhoneSimulator
		Release|x64 = Release|x64
		Release|x86 = Release|x86
	EndGlobalSection
	GlobalSection(ProjectConfigurationPlatforms) = postSolution
		{9916D509-6F7D-4259-8AAC-B6549A895E84}.Ad-Hoc|Any CPU.ActiveCfg = Release|Any CPU
		{9916D509-6F7D-4259-8AAC-B6549A895E84}.Ad-Hoc|Any CPU.Build.0 = Release|Any CPU
		{9916D509-6F7D-4259-8AAC-B6549A895E84}.Ad-Hoc|ARM.ActiveCfg = Release|Any CPU
		{9916D509-6F7D-4259-8AAC-B6549A895E84}.Ad-Hoc|ARM.Build.0 = Release|Any CPU
		{9916D509-6F7D-4259-8AAC-B6549A895E84}.Ad-Hoc|iPhone.ActiveCfg = Release|Any CPU
		{9916D509-6F7D-4259-8AAC-B6549A895E84}.Ad-Hoc|iPhone.Build.0 = Release|Any CPU
		{9916D509-6F7D-4259-8AAC-B6549A895E84}.Ad-Hoc|iPhoneSimulator.ActiveCfg = Release|Any CPU
		{9916D509-6F7D-4259-8AAC-B6549A895E84}.Ad-Hoc|iPhoneSimulator.Build.0 = Release|Any CPU
		{9916D509-6F7D-4259-8AAC-B6549A895E84}.Ad-Hoc|x64.ActiveCfg = Release|Any CPU
		{9916D509-6F7D-4259-8AAC-B6549A895E84}.Ad-Hoc|x64.Build.0 = Release|Any CPU
		{9916D509-6F7D-4259-8AAC-B6549A895E84}.Ad-Hoc|x86.ActiveCfg = Release|Any CPU
		{9916D509-6F7D-4259-8AAC-B6549A895E84}.Ad-Hoc|x86.Build.0 = Release|Any CPU
		{9916D509-6F7D-4259-8AAC-B6549A895E84}.AppStore|Any CPU.ActiveCfg = Release|Any CPU
		{9916D509-6F7D-4259-8AAC-B6549A895E84}.AppStore|Any CPU.Build.0 = Release|Any CPU
		{9916D509-6F7D-4259-8AAC-B6549A895E84}.AppStore|ARM.ActiveCfg = Release|Any CPU
		{9916D509-6F7D-4259-8AAC-B6549A895E84}.AppStore|ARM.Build.0 = Release|Any CPU
		{9916D509-6F7D-4259-8AAC-B6549A895E84}.AppStore|iPhone.ActiveCfg = Release|Any CPU
		{9916D509-6F7D-4259-8AAC-B6549A895E84}.AppStore|iPhone.Build.0 = Release|Any CPU
		{9916D509-6F7D-4259-8AAC-B6549A895E84}.AppStore|iPhoneSimulator.ActiveCfg = Release|Any CPU
		{9916D509-6F7D-4259-8AAC-B6549A895E84}.AppStore|iPhoneSimulator.Build.0 = Release|Any CPU
		{9916D509-6F7D-4259-8AAC-B6549A895E84}.AppStore|x64.ActiveCfg = Release|Any CPU
		{9916D509-6F7D-4259-8AAC-B6549A895E84}.AppStore|x64.Build.0 = Release|Any CPU
		{9916D509-6F7D-4259-8AAC-B6549A895E84}.AppStore|x86.ActiveCfg = Release|Any CPU
		{9916D509-6F7D-4259-8AAC-B6549A895E84}.AppStore|x86.Build.0 = Release|Any CPU
		{9916D509-6F7D-4259-8AAC-B6549A895E84}.Debug|Any CPU.ActiveCfg = Debug|Any CPU
		{9916D509-6F7D-4259-8AAC-B6549A895E84}.Debug|Any CPU.Build.0 = Debug|Any CPU
		{9916D509-6F7D-4259-8AAC-B6549A895E84}.Debug|ARM.ActiveCfg = Debug|Any CPU
		{9916D509-6F7D-4259-8AAC-B6549A895E84}.Debug|ARM.Build.0 = Debug|Any CPU
		{9916D509-6F7D-4259-8AAC-B6549A895E84}.Debug|iPhone.ActiveCfg = Debug|Any CPU
		{9916D509-6F7D-4259-8AAC-B6549A895E84}.Debug|iPhone.Build.0 = Debug|Any CPU
		{9916D509-6F7D-4259-8AAC-B6549A895E84}.Debug|iPhoneSimulator.ActiveCfg = Debug|Any CPU
		{9916D509-6F7D-4259-8AAC-B6549A895E84}.Debug|iPhoneSimulator.Build.0 = Debug|Any CPU
		{9916D509-6F7D-4259-8AAC-B6549A895E84}.Debug|x64.ActiveCfg = Debug|Any CPU
		{9916D509-6F7D-4259-8AAC-B6549A895E84}.Debug|x64.Build.0 = Debug|Any CPU
		{9916D509-6F7D-4259-8AAC-B6549A895E84}.Debug|x86.ActiveCfg = Debug|Any CPU
		{9916D509-6F7D-4259-8AAC-B6549A895E84}.Debug|x86.Build.0 = Debug|Any CPU
		{9916D509-6F7D-4259-8AAC-B6549A895E84}.Release|Any CPU.ActiveCfg = Release|Any CPU
		{9916D509-6F7D-4259-8AAC-B6549A895E84}.Release|Any CPU.Build.0 = Release|Any CPU
		{9916D509-6F7D-4259-8AAC-B6549A895E84}.Release|ARM.ActiveCfg = Release|Any CPU
		{9916D509-6F7D-4259-8AAC-B6549A895E84}.Release|ARM.Build.0 = Release|Any CPU
		{9916D509-6F7D-4259-8AAC-B6549A895E84}.Release|iPhone.ActiveCfg = Release|Any CPU
		{9916D509-6F7D-4259-8AAC-B6549A895E84}.Release|iPhone.Build.0 = Release|Any CPU
		{9916D509-6F7D-4259-8AAC-B6549A895E84}.Release|iPhoneSimulator.ActiveCfg = Release|Any CPU
		{9916D509-6F7D-4259-8AAC-B6549A895E84}.Release|iPhoneSimulator.Build.0 = Release|Any CPU
		{9916D509-6F7D-4259-8AAC-B6549A895E84}.Release|x64.ActiveCfg = Release|Any CPU
		{9916D509-6F7D-4259-8AAC-B6549A895E84}.Release|x64.Build.0 = Release|Any CPU
		{9916D509-6F7D-4259-8AAC-B6549A895E84}.Release|x86.ActiveCfg = Release|Any CPU
		{9916D509-6F7D-4259-8AAC-B6549A895E84}.Release|x86.Build.0 = Release|Any CPU
		{80B71C19-924B-4AF2-A6A6-5956FEDA86E3}.Ad-Hoc|Any CPU.ActiveCfg = Release|Any CPU
		{80B71C19-924B-4AF2-A6A6-5956FEDA86E3}.Ad-Hoc|Any CPU.Build.0 = Release|Any CPU
		{80B71C19-924B-4AF2-A6A6-5956FEDA86E3}.Ad-Hoc|Any CPU.Deploy.0 = Release|Any CPU
		{80B71C19-924B-4AF2-A6A6-5956FEDA86E3}.Ad-Hoc|ARM.ActiveCfg = Release|Any CPU
		{80B71C19-924B-4AF2-A6A6-5956FEDA86E3}.Ad-Hoc|ARM.Build.0 = Release|Any CPU
		{80B71C19-924B-4AF2-A6A6-5956FEDA86E3}.Ad-Hoc|ARM.Deploy.0 = Release|Any CPU
		{80B71C19-924B-4AF2-A6A6-5956FEDA86E3}.Ad-Hoc|iPhone.ActiveCfg = Release|Any CPU
		{80B71C19-924B-4AF2-A6A6-5956FEDA86E3}.Ad-Hoc|iPhone.Build.0 = Release|Any CPU
		{80B71C19-924B-4AF2-A6A6-5956FEDA86E3}.Ad-Hoc|iPhone.Deploy.0 = Release|Any CPU
		{80B71C19-924B-4AF2-A6A6-5956FEDA86E3}.Ad-Hoc|iPhoneSimulator.ActiveCfg = Release|Any CPU
		{80B71C19-924B-4AF2-A6A6-5956FEDA86E3}.Ad-Hoc|iPhoneSimulator.Build.0 = Release|Any CPU
		{80B71C19-924B-4AF2-A6A6-5956FEDA86E3}.Ad-Hoc|iPhoneSimulator.Deploy.0 = Release|Any CPU
		{80B71C19-924B-4AF2-A6A6-5956FEDA86E3}.Ad-Hoc|x64.ActiveCfg = Release|Any CPU
		{80B71C19-924B-4AF2-A6A6-5956FEDA86E3}.Ad-Hoc|x64.Build.0 = Release|Any CPU
		{80B71C19-924B-4AF2-A6A6-5956FEDA86E3}.Ad-Hoc|x64.Deploy.0 = Release|Any CPU
		{80B71C19-924B-4AF2-A6A6-5956FEDA86E3}.Ad-Hoc|x86.ActiveCfg = Release|Any CPU
		{80B71C19-924B-4AF2-A6A6-5956FEDA86E3}.Ad-Hoc|x86.Build.0 = Release|Any CPU
		{80B71C19-924B-4AF2-A6A6-5956FEDA86E3}.Ad-Hoc|x86.Deploy.0 = Release|Any CPU
		{80B71C19-924B-4AF2-A6A6-5956FEDA86E3}.AppStore|Any CPU.ActiveCfg = Release|Any CPU
		{80B71C19-924B-4AF2-A6A6-5956FEDA86E3}.AppStore|Any CPU.Build.0 = Release|Any CPU
		{80B71C19-924B-4AF2-A6A6-5956FEDA86E3}.AppStore|Any CPU.Deploy.0 = Release|Any CPU
		{80B71C19-924B-4AF2-A6A6-5956FEDA86E3}.AppStore|ARM.ActiveCfg = Release|Any CPU
		{80B71C19-924B-4AF2-A6A6-5956FEDA86E3}.AppStore|ARM.Build.0 = Release|Any CPU
		{80B71C19-924B-4AF2-A6A6-5956FEDA86E3}.AppStore|ARM.Deploy.0 = Release|Any CPU
		{80B71C19-924B-4AF2-A6A6-5956FEDA86E3}.AppStore|iPhone.ActiveCfg = Release|Any CPU
		{80B71C19-924B-4AF2-A6A6-5956FEDA86E3}.AppStore|iPhone.Build.0 = Release|Any CPU
		{80B71C19-924B-4AF2-A6A6-5956FEDA86E3}.AppStore|iPhone.Deploy.0 = Release|Any CPU
		{80B71C19-924B-4AF2-A6A6-5956FEDA86E3}.AppStore|iPhoneSimulator.ActiveCfg = Release|Any CPU
		{80B71C19-924B-4AF2-A6A6-5956FEDA86E3}.AppStore|iPhoneSimulator.Build.0 = Release|Any CPU
		{80B71C19-924B-4AF2-A6A6-5956FEDA86E3}.AppStore|iPhoneSimulator.Deploy.0 = Release|Any CPU
		{80B71C19-924B-4AF2-A6A6-5956FEDA86E3}.AppStore|x64.ActiveCfg = Release|Any CPU
		{80B71C19-924B-4AF2-A6A6-5956FEDA86E3}.AppStore|x64.Build.0 = Release|Any CPU
		{80B71C19-924B-4AF2-A6A6-5956FEDA86E3}.AppStore|x64.Deploy.0 = Release|Any CPU
		{80B71C19-924B-4AF2-A6A6-5956FEDA86E3}.AppStore|x86.ActiveCfg = Release|Any CPU
		{80B71C19-924B-4AF2-A6A6-5956FEDA86E3}.AppStore|x86.Build.0 = Release|Any CPU
		{80B71C19-924B-4AF2-A6A6-5956FEDA86E3}.AppStore|x86.Deploy.0 = Release|Any CPU
		{80B71C19-924B-4AF2-A6A6-5956FEDA86E3}.Debug|Any CPU.ActiveCfg = Debug|Any CPU
		{80B71C19-924B-4AF2-A6A6-5956FEDA86E3}.Debug|Any CPU.Build.0 = Debug|Any CPU
		{80B71C19-924B-4AF2-A6A6-5956FEDA86E3}.Debug|Any CPU.Deploy.0 = Debug|Any CPU
		{80B71C19-924B-4AF2-A6A6-5956FEDA86E3}.Debug|ARM.ActiveCfg = Debug|Any CPU
		{80B71C19-924B-4AF2-A6A6-5956FEDA86E3}.Debug|ARM.Build.0 = Debug|Any CPU
		{80B71C19-924B-4AF2-A6A6-5956FEDA86E3}.Debug|ARM.Deploy.0 = Debug|Any CPU
		{80B71C19-924B-4AF2-A6A6-5956FEDA86E3}.Debug|iPhone.ActiveCfg = Debug|Any CPU
		{80B71C19-924B-4AF2-A6A6-5956FEDA86E3}.Debug|iPhone.Build.0 = Debug|Any CPU
		{80B71C19-924B-4AF2-A6A6-5956FEDA86E3}.Debug|iPhone.Deploy.0 = Debug|Any CPU
		{80B71C19-924B-4AF2-A6A6-5956FEDA86E3}.Debug|iPhoneSimulator.ActiveCfg = Debug|Any CPU
		{80B71C19-924B-4AF2-A6A6-5956FEDA86E3}.Debug|iPhoneSimulator.Build.0 = Debug|Any CPU
		{80B71C19-924B-4AF2-A6A6-5956FEDA86E3}.Debug|iPhoneSimulator.Deploy.0 = Debug|Any CPU
		{80B71C19-924B-4AF2-A6A6-5956FEDA86E3}.Debug|x64.ActiveCfg = Debug|Any CPU
		{80B71C19-924B-4AF2-A6A6-5956FEDA86E3}.Debug|x64.Build.0 = Debug|Any CPU
		{80B71C19-924B-4AF2-A6A6-5956FEDA86E3}.Debug|x64.Deploy.0 = Debug|Any CPU
		{80B71C19-924B-4AF2-A6A6-5956FEDA86E3}.Debug|x86.ActiveCfg = Debug|Any CPU
		{80B71C19-924B-4AF2-A6A6-5956FEDA86E3}.Debug|x86.Build.0 = Debug|Any CPU
		{80B71C19-924B-4AF2-A6A6-5956FEDA86E3}.Debug|x86.Deploy.0 = Debug|Any CPU
		{80B71C19-924B-4AF2-A6A6-5956FEDA86E3}.Release|Any CPU.ActiveCfg = Release|Any CPU
		{80B71C19-924B-4AF2-A6A6-5956FEDA86E3}.Release|Any CPU.Build.0 = Release|Any CPU
		{80B71C19-924B-4AF2-A6A6-5956FEDA86E3}.Release|Any CPU.Deploy.0 = Release|Any CPU
		{80B71C19-924B-4AF2-A6A6-5956FEDA86E3}.Release|ARM.ActiveCfg = Release|Any CPU
		{80B71C19-924B-4AF2-A6A6-5956FEDA86E3}.Release|ARM.Build.0 = Release|Any CPU
		{80B71C19-924B-4AF2-A6A6-5956FEDA86E3}.Release|ARM.Deploy.0 = Release|Any CPU
		{80B71C19-924B-4AF2-A6A6-5956FEDA86E3}.Release|iPhone.ActiveCfg = Release|Any CPU
		{80B71C19-924B-4AF2-A6A6-5956FEDA86E3}.Release|iPhone.Build.0 = Release|Any CPU
		{80B71C19-924B-4AF2-A6A6-5956FEDA86E3}.Release|iPhone.Deploy.0 = Release|Any CPU
		{80B71C19-924B-4AF2-A6A6-5956FEDA86E3}.Release|iPhoneSimulator.ActiveCfg = Release|Any CPU
		{80B71C19-924B-4AF2-A6A6-5956FEDA86E3}.Release|iPhoneSimulator.Build.0 = Release|Any CPU
		{80B71C19-924B-4AF2-A6A6-5956FEDA86E3}.Release|iPhoneSimulator.Deploy.0 = Release|Any CPU
		{80B71C19-924B-4AF2-A6A6-5956FEDA86E3}.Release|x64.ActiveCfg = Release|Any CPU
		{80B71C19-924B-4AF2-A6A6-5956FEDA86E3}.Release|x64.Build.0 = Release|Any CPU
		{80B71C19-924B-4AF2-A6A6-5956FEDA86E3}.Release|x64.Deploy.0 = Release|Any CPU
		{80B71C19-924B-4AF2-A6A6-5956FEDA86E3}.Release|x86.ActiveCfg = Release|Any CPU
		{80B71C19-924B-4AF2-A6A6-5956FEDA86E3}.Release|x86.Build.0 = Release|Any CPU
		{80B71C19-924B-4AF2-A6A6-5956FEDA86E3}.Release|x86.Deploy.0 = Release|Any CPU
		{8C886F9F-AB21-4E0D-8E8A-897B7323BE03}.Ad-Hoc|Any CPU.ActiveCfg = Ad-Hoc|iPhone
		{8C886F9F-AB21-4E0D-8E8A-897B7323BE03}.Ad-Hoc|ARM.ActiveCfg = Ad-Hoc|iPhone
		{8C886F9F-AB21-4E0D-8E8A-897B7323BE03}.Ad-Hoc|iPhone.ActiveCfg = Ad-Hoc|iPhone
		{8C886F9F-AB21-4E0D-8E8A-897B7323BE03}.Ad-Hoc|iPhone.Build.0 = Ad-Hoc|iPhone
		{8C886F9F-AB21-4E0D-8E8A-897B7323BE03}.Ad-Hoc|iPhoneSimulator.ActiveCfg = Ad-Hoc|iPhoneSimulator
		{8C886F9F-AB21-4E0D-8E8A-897B7323BE03}.Ad-Hoc|iPhoneSimulator.Build.0 = Ad-Hoc|iPhoneSimulator
		{8C886F9F-AB21-4E0D-8E8A-897B7323BE03}.Ad-Hoc|x64.ActiveCfg = Ad-Hoc|iPhone
		{8C886F9F-AB21-4E0D-8E8A-897B7323BE03}.Ad-Hoc|x86.ActiveCfg = Ad-Hoc|iPhone
		{8C886F9F-AB21-4E0D-8E8A-897B7323BE03}.AppStore|Any CPU.ActiveCfg = AppStore|iPhone
		{8C886F9F-AB21-4E0D-8E8A-897B7323BE03}.AppStore|ARM.ActiveCfg = AppStore|iPhone
		{8C886F9F-AB21-4E0D-8E8A-897B7323BE03}.AppStore|iPhone.ActiveCfg = AppStore|iPhone
		{8C886F9F-AB21-4E0D-8E8A-897B7323BE03}.AppStore|iPhone.Build.0 = AppStore|iPhone
		{8C886F9F-AB21-4E0D-8E8A-897B7323BE03}.AppStore|iPhoneSimulator.ActiveCfg = AppStore|iPhoneSimulator
		{8C886F9F-AB21-4E0D-8E8A-897B7323BE03}.AppStore|iPhoneSimulator.Build.0 = AppStore|iPhoneSimulator
		{8C886F9F-AB21-4E0D-8E8A-897B7323BE03}.AppStore|x64.ActiveCfg = AppStore|iPhone
		{8C886F9F-AB21-4E0D-8E8A-897B7323BE03}.AppStore|x86.ActiveCfg = AppStore|iPhone
		{8C886F9F-AB21-4E0D-8E8A-897B7323BE03}.Debug|Any CPU.ActiveCfg = Debug|iPhone
		{8C886F9F-AB21-4E0D-8E8A-897B7323BE03}.Debug|ARM.ActiveCfg = Debug|iPhone
		{8C886F9F-AB21-4E0D-8E8A-897B7323BE03}.Debug|iPhone.ActiveCfg = Debug|iPhone
		{8C886F9F-AB21-4E0D-8E8A-897B7323BE03}.Debug|iPhone.Build.0 = Debug|iPhone
		{8C886F9F-AB21-4E0D-8E8A-897B7323BE03}.Debug|iPhoneSimulator.ActiveCfg = Debug|iPhoneSimulator
		{8C886F9F-AB21-4E0D-8E8A-897B7323BE03}.Debug|iPhoneSimulator.Build.0 = Debug|iPhoneSimulator
		{8C886F9F-AB21-4E0D-8E8A-897B7323BE03}.Debug|x64.ActiveCfg = Debug|iPhone
		{8C886F9F-AB21-4E0D-8E8A-897B7323BE03}.Debug|x86.ActiveCfg = Debug|iPhone
		{8C886F9F-AB21-4E0D-8E8A-897B7323BE03}.Release|Any CPU.ActiveCfg = Release|iPhone
		{8C886F9F-AB21-4E0D-8E8A-897B7323BE03}.Release|ARM.ActiveCfg = Release|iPhone
		{8C886F9F-AB21-4E0D-8E8A-897B7323BE03}.Release|iPhone.ActiveCfg = Release|iPhone
		{8C886F9F-AB21-4E0D-8E8A-897B7323BE03}.Release|iPhone.Build.0 = Release|iPhone
		{8C886F9F-AB21-4E0D-8E8A-897B7323BE03}.Release|iPhoneSimulator.ActiveCfg = Release|iPhoneSimulator
		{8C886F9F-AB21-4E0D-8E8A-897B7323BE03}.Release|iPhoneSimulator.Build.0 = Release|iPhoneSimulator
		{8C886F9F-AB21-4E0D-8E8A-897B7323BE03}.Release|x64.ActiveCfg = Release|iPhone
		{8C886F9F-AB21-4E0D-8E8A-897B7323BE03}.Release|x86.ActiveCfg = Release|iPhone
		{A0C722B4-AA43-4A9F-A8A8-D02C2B1A2B61}.Ad-Hoc|Any CPU.ActiveCfg = Release|Any CPU
		{A0C722B4-AA43-4A9F-A8A8-D02C2B1A2B61}.Ad-Hoc|Any CPU.Build.0 = Release|Any CPU
		{A0C722B4-AA43-4A9F-A8A8-D02C2B1A2B61}.Ad-Hoc|Any CPU.Deploy.0 = Release|Any CPU
		{A0C722B4-AA43-4A9F-A8A8-D02C2B1A2B61}.Ad-Hoc|ARM.ActiveCfg = Release|ARM
		{A0C722B4-AA43-4A9F-A8A8-D02C2B1A2B61}.Ad-Hoc|ARM.Build.0 = Release|ARM
		{A0C722B4-AA43-4A9F-A8A8-D02C2B1A2B61}.Ad-Hoc|ARM.Deploy.0 = Release|ARM
		{A0C722B4-AA43-4A9F-A8A8-D02C2B1A2B61}.Ad-Hoc|iPhone.ActiveCfg = Release|Any CPU
		{A0C722B4-AA43-4A9F-A8A8-D02C2B1A2B61}.Ad-Hoc|iPhone.Build.0 = Release|Any CPU
		{A0C722B4-AA43-4A9F-A8A8-D02C2B1A2B61}.Ad-Hoc|iPhone.Deploy.0 = Release|Any CPU
		{A0C722B4-AA43-4A9F-A8A8-D02C2B1A2B61}.Ad-Hoc|iPhoneSimulator.ActiveCfg = Release|Any CPU
		{A0C722B4-AA43-4A9F-A8A8-D02C2B1A2B61}.Ad-Hoc|iPhoneSimulator.Build.0 = Release|Any CPU
		{A0C722B4-AA43-4A9F-A8A8-D02C2B1A2B61}.Ad-Hoc|iPhoneSimulator.Deploy.0 = Release|Any CPU
		{A0C722B4-AA43-4A9F-A8A8-D02C2B1A2B61}.Ad-Hoc|x64.ActiveCfg = Release|Any CPU
		{A0C722B4-AA43-4A9F-A8A8-D02C2B1A2B61}.Ad-Hoc|x64.Build.0 = Release|Any CPU
		{A0C722B4-AA43-4A9F-A8A8-D02C2B1A2B61}.Ad-Hoc|x64.Deploy.0 = Release|Any CPU
		{A0C722B4-AA43-4A9F-A8A8-D02C2B1A2B61}.Ad-Hoc|x86.ActiveCfg = Release|x86
		{A0C722B4-AA43-4A9F-A8A8-D02C2B1A2B61}.Ad-Hoc|x86.Build.0 = Release|x86
		{A0C722B4-AA43-4A9F-A8A8-D02C2B1A2B61}.Ad-Hoc|x86.Deploy.0 = Release|x86
		{A0C722B4-AA43-4A9F-A8A8-D02C2B1A2B61}.AppStore|Any CPU.ActiveCfg = Release|Any CPU
		{A0C722B4-AA43-4A9F-A8A8-D02C2B1A2B61}.AppStore|Any CPU.Build.0 = Release|Any CPU
		{A0C722B4-AA43-4A9F-A8A8-D02C2B1A2B61}.AppStore|Any CPU.Deploy.0 = Release|Any CPU
		{A0C722B4-AA43-4A9F-A8A8-D02C2B1A2B61}.AppStore|ARM.ActiveCfg = Release|ARM
		{A0C722B4-AA43-4A9F-A8A8-D02C2B1A2B61}.AppStore|ARM.Build.0 = Release|ARM
		{A0C722B4-AA43-4A9F-A8A8-D02C2B1A2B61}.AppStore|ARM.Deploy.0 = Release|ARM
		{A0C722B4-AA43-4A9F-A8A8-D02C2B1A2B61}.AppStore|iPhone.ActiveCfg = Release|Any CPU
		{A0C722B4-AA43-4A9F-A8A8-D02C2B1A2B61}.AppStore|iPhone.Build.0 = Release|Any CPU
		{A0C722B4-AA43-4A9F-A8A8-D02C2B1A2B61}.AppStore|iPhone.Deploy.0 = Release|Any CPU
		{A0C722B4-AA43-4A9F-A8A8-D02C2B1A2B61}.AppStore|iPhoneSimulator.ActiveCfg = Release|Any CPU
		{A0C722B4-AA43-4A9F-A8A8-D02C2B1A2B61}.AppStore|iPhoneSimulator.Build.0 = Release|Any CPU
		{A0C722B4-AA43-4A9F-A8A8-D02C2B1A2B61}.AppStore|iPhoneSimulator.Deploy.0 = Release|Any CPU
		{A0C722B4-AA43-4A9F-A8A8-D02C2B1A2B61}.AppStore|x64.ActiveCfg = Release|Any CPU
		{A0C722B4-AA43-4A9F-A8A8-D02C2B1A2B61}.AppStore|x64.Build.0 = Release|Any CPU
		{A0C722B4-AA43-4A9F-A8A8-D02C2B1A2B61}.AppStore|x64.Deploy.0 = Release|Any CPU
		{A0C722B4-AA43-4A9F-A8A8-D02C2B1A2B61}.AppStore|x86.ActiveCfg = Release|x86
		{A0C722B4-AA43-4A9F-A8A8-D02C2B1A2B61}.AppStore|x86.Build.0 = Release|x86
		{A0C722B4-AA43-4A9F-A8A8-D02C2B1A2B61}.AppStore|x86.Deploy.0 = Release|x86
		{A0C722B4-AA43-4A9F-A8A8-D02C2B1A2B61}.Debug|Any CPU.ActiveCfg = Debug|Any CPU
		{A0C722B4-AA43-4A9F-A8A8-D02C2B1A2B61}.Debug|Any CPU.Build.0 = Debug|Any CPU
		{A0C722B4-AA43-4A9F-A8A8-D02C2B1A2B61}.Debug|Any CPU.Deploy.0 = Debug|Any CPU
		{A0C722B4-AA43-4A9F-A8A8-D02C2B1A2B61}.Debug|ARM.ActiveCfg = Debug|ARM
		{A0C722B4-AA43-4A9F-A8A8-D02C2B1A2B61}.Debug|ARM.Build.0 = Debug|ARM
		{A0C722B4-AA43-4A9F-A8A8-D02C2B1A2B61}.Debug|ARM.Deploy.0 = Debug|ARM
		{A0C722B4-AA43-4A9F-A8A8-D02C2B1A2B61}.Debug|iPhone.ActiveCfg = Debug|Any CPU
		{A0C722B4-AA43-4A9F-A8A8-D02C2B1A2B61}.Debug|iPhone.Build.0 = Debug|Any CPU
		{A0C722B4-AA43-4A9F-A8A8-D02C2B1A2B61}.Debug|iPhone.Deploy.0 = Debug|Any CPU
		{A0C722B4-AA43-4A9F-A8A8-D02C2B1A2B61}.Debug|iPhoneSimulator.ActiveCfg = Debug|Any CPU
		{A0C722B4-AA43-4A9F-A8A8-D02C2B1A2B61}.Debug|iPhoneSimulator.Build.0 = Debug|Any CPU
		{A0C722B4-AA43-4A9F-A8A8-D02C2B1A2B61}.Debug|iPhoneSimulator.Deploy.0 = Debug|Any CPU
		{A0C722B4-AA43-4A9F-A8A8-D02C2B1A2B61}.Debug|x64.ActiveCfg = Debug|Any CPU
		{A0C722B4-AA43-4A9F-A8A8-D02C2B1A2B61}.Debug|x64.Build.0 = Debug|Any CPU
		{A0C722B4-AA43-4A9F-A8A8-D02C2B1A2B61}.Debug|x64.Deploy.0 = Debug|Any CPU
		{A0C722B4-AA43-4A9F-A8A8-D02C2B1A2B61}.Debug|x86.ActiveCfg = Debug|x86
		{A0C722B4-AA43-4A9F-A8A8-D02C2B1A2B61}.Debug|x86.Build.0 = Debug|x86
		{A0C722B4-AA43-4A9F-A8A8-D02C2B1A2B61}.Debug|x86.Deploy.0 = Debug|x86
		{A0C722B4-AA43-4A9F-A8A8-D02C2B1A2B61}.Release|Any CPU.ActiveCfg = Release|Any CPU
		{A0C722B4-AA43-4A9F-A8A8-D02C2B1A2B61}.Release|Any CPU.Build.0 = Release|Any CPU
		{A0C722B4-AA43-4A9F-A8A8-D02C2B1A2B61}.Release|Any CPU.Deploy.0 = Release|Any CPU
		{A0C722B4-AA43-4A9F-A8A8-D02C2B1A2B61}.Release|ARM.ActiveCfg = Release|ARM
		{A0C722B4-AA43-4A9F-A8A8-D02C2B1A2B61}.Release|ARM.Build.0 = Release|ARM
		{A0C722B4-AA43-4A9F-A8A8-D02C2B1A2B61}.Release|ARM.Deploy.0 = Release|ARM
		{A0C722B4-AA43-4A9F-A8A8-D02C2B1A2B61}.Release|iPhone.ActiveCfg = Release|Any CPU
		{A0C722B4-AA43-4A9F-A8A8-D02C2B1A2B61}.Release|iPhone.Build.0 = Release|Any CPU
		{A0C722B4-AA43-4A9F-A8A8-D02C2B1A2B61}.Release|iPhone.Deploy.0 = Release|Any CPU
		{A0C722B4-AA43-4A9F-A8A8-D02C2B1A2B61}.Release|iPhoneSimulator.ActiveCfg = Release|Any CPU
		{A0C722B4-AA43-4A9F-A8A8-D02C2B1A2B61}.Release|iPhoneSimulator.Build.0 = Release|Any CPU
		{A0C722B4-AA43-4A9F-A8A8-D02C2B1A2B61}.Release|iPhoneSimulator.Deploy.0 = Release|Any CPU
		{A0C722B4-AA43-4A9F-A8A8-D02C2B1A2B61}.Release|x64.ActiveCfg = Release|Any CPU
		{A0C722B4-AA43-4A9F-A8A8-D02C2B1A2B61}.Release|x64.Build.0 = Release|Any CPU
		{A0C722B4-AA43-4A9F-A8A8-D02C2B1A2B61}.Release|x64.Deploy.0 = Release|Any CPU
		{A0C722B4-AA43-4A9F-A8A8-D02C2B1A2B61}.Release|x86.ActiveCfg = Release|x86
		{A0C722B4-AA43-4A9F-A8A8-D02C2B1A2B61}.Release|x86.Build.0 = Release|x86
		{A0C722B4-AA43-4A9F-A8A8-D02C2B1A2B61}.Release|x86.Deploy.0 = Release|x86
		{FC18A1D3-2E25-4824-BC3B-ECBFEF39F461}.Ad-Hoc|Any CPU.ActiveCfg = Release|x86
		{FC18A1D3-2E25-4824-BC3B-ECBFEF39F461}.Ad-Hoc|Any CPU.Build.0 = Release|x86
		{FC18A1D3-2E25-4824-BC3B-ECBFEF39F461}.Ad-Hoc|Any CPU.Deploy.0 = Release|x86
		{FC18A1D3-2E25-4824-BC3B-ECBFEF39F461}.Ad-Hoc|ARM.ActiveCfg = Release|ARM
		{FC18A1D3-2E25-4824-BC3B-ECBFEF39F461}.Ad-Hoc|ARM.Build.0 = Release|ARM
		{FC18A1D3-2E25-4824-BC3B-ECBFEF39F461}.Ad-Hoc|ARM.Deploy.0 = Release|ARM
		{FC18A1D3-2E25-4824-BC3B-ECBFEF39F461}.Ad-Hoc|iPhone.ActiveCfg = Release|x86
		{FC18A1D3-2E25-4824-BC3B-ECBFEF39F461}.Ad-Hoc|iPhone.Build.0 = Release|x86
		{FC18A1D3-2E25-4824-BC3B-ECBFEF39F461}.Ad-Hoc|iPhone.Deploy.0 = Release|x86
		{FC18A1D3-2E25-4824-BC3B-ECBFEF39F461}.Ad-Hoc|iPhoneSimulator.ActiveCfg = Release|x86
		{FC18A1D3-2E25-4824-BC3B-ECBFEF39F461}.Ad-Hoc|iPhoneSimulator.Build.0 = Release|x86
		{FC18A1D3-2E25-4824-BC3B-ECBFEF39F461}.Ad-Hoc|iPhoneSimulator.Deploy.0 = Release|x86
		{FC18A1D3-2E25-4824-BC3B-ECBFEF39F461}.Ad-Hoc|x64.ActiveCfg = Release|x64
		{FC18A1D3-2E25-4824-BC3B-ECBFEF39F461}.Ad-Hoc|x64.Build.0 = Release|x64
		{FC18A1D3-2E25-4824-BC3B-ECBFEF39F461}.Ad-Hoc|x64.Deploy.0 = Release|x64
		{FC18A1D3-2E25-4824-BC3B-ECBFEF39F461}.Ad-Hoc|x86.ActiveCfg = Release|x86
		{FC18A1D3-2E25-4824-BC3B-ECBFEF39F461}.Ad-Hoc|x86.Build.0 = Release|x86
		{FC18A1D3-2E25-4824-BC3B-ECBFEF39F461}.Ad-Hoc|x86.Deploy.0 = Release|x86
		{FC18A1D3-2E25-4824-BC3B-ECBFEF39F461}.AppStore|Any CPU.ActiveCfg = Release|x86
		{FC18A1D3-2E25-4824-BC3B-ECBFEF39F461}.AppStore|Any CPU.Build.0 = Release|x86
		{FC18A1D3-2E25-4824-BC3B-ECBFEF39F461}.AppStore|Any CPU.Deploy.0 = Release|x86
		{FC18A1D3-2E25-4824-BC3B-ECBFEF39F461}.AppStore|ARM.ActiveCfg = Release|ARM
		{FC18A1D3-2E25-4824-BC3B-ECBFEF39F461}.AppStore|ARM.Build.0 = Release|ARM
		{FC18A1D3-2E25-4824-BC3B-ECBFEF39F461}.AppStore|ARM.Deploy.0 = Release|ARM
		{FC18A1D3-2E25-4824-BC3B-ECBFEF39F461}.AppStore|iPhone.ActiveCfg = Release|x86
		{FC18A1D3-2E25-4824-BC3B-ECBFEF39F461}.AppStore|iPhone.Build.0 = Release|x86
		{FC18A1D3-2E25-4824-BC3B-ECBFEF39F461}.AppStore|iPhone.Deploy.0 = Release|x86
		{FC18A1D3-2E25-4824-BC3B-ECBFEF39F461}.AppStore|iPhoneSimulator.ActiveCfg = Release|x86
		{FC18A1D3-2E25-4824-BC3B-ECBFEF39F461}.AppStore|iPhoneSimulator.Build.0 = Release|x86
		{FC18A1D3-2E25-4824-BC3B-ECBFEF39F461}.AppStore|iPhoneSimulator.Deploy.0 = Release|x86
		{FC18A1D3-2E25-4824-BC3B-ECBFEF39F461}.AppStore|x64.ActiveCfg = Release|x64
		{FC18A1D3-2E25-4824-BC3B-ECBFEF39F461}.AppStore|x64.Build.0 = Release|x64
		{FC18A1D3-2E25-4824-BC3B-ECBFEF39F461}.AppStore|x64.Deploy.0 = Release|x64
		{FC18A1D3-2E25-4824-BC3B-ECBFEF39F461}.AppStore|x86.ActiveCfg = Release|x86
		{FC18A1D3-2E25-4824-BC3B-ECBFEF39F461}.AppStore|x86.Build.0 = Release|x86
		{FC18A1D3-2E25-4824-BC3B-ECBFEF39F461}.AppStore|x86.Deploy.0 = Release|x86
		{FC18A1D3-2E25-4824-BC3B-ECBFEF39F461}.Debug|Any CPU.ActiveCfg = Debug|x64
		{FC18A1D3-2E25-4824-BC3B-ECBFEF39F461}.Debug|Any CPU.Build.0 = Debug|x64
		{FC18A1D3-2E25-4824-BC3B-ECBFEF39F461}.Debug|Any CPU.Deploy.0 = Debug|x64
		{FC18A1D3-2E25-4824-BC3B-ECBFEF39F461}.Debug|ARM.ActiveCfg = Debug|ARM
		{FC18A1D3-2E25-4824-BC3B-ECBFEF39F461}.Debug|ARM.Build.0 = Debug|ARM
		{FC18A1D3-2E25-4824-BC3B-ECBFEF39F461}.Debug|ARM.Deploy.0 = Debug|ARM
		{FC18A1D3-2E25-4824-BC3B-ECBFEF39F461}.Debug|iPhone.ActiveCfg = Debug|x86
		{FC18A1D3-2E25-4824-BC3B-ECBFEF39F461}.Debug|iPhoneSimulator.ActiveCfg = Debug|x86
		{FC18A1D3-2E25-4824-BC3B-ECBFEF39F461}.Debug|x64.ActiveCfg = Debug|x64
		{FC18A1D3-2E25-4824-BC3B-ECBFEF39F461}.Debug|x64.Build.0 = Debug|x64
		{FC18A1D3-2E25-4824-BC3B-ECBFEF39F461}.Debug|x64.Deploy.0 = Debug|x64
		{FC18A1D3-2E25-4824-BC3B-ECBFEF39F461}.Debug|x86.ActiveCfg = Debug|x86
		{FC18A1D3-2E25-4824-BC3B-ECBFEF39F461}.Debug|x86.Build.0 = Debug|x86
		{FC18A1D3-2E25-4824-BC3B-ECBFEF39F461}.Debug|x86.Deploy.0 = Debug|x86
		{FC18A1D3-2E25-4824-BC3B-ECBFEF39F461}.Release|Any CPU.ActiveCfg = Release|x86
		{FC18A1D3-2E25-4824-BC3B-ECBFEF39F461}.Release|ARM.ActiveCfg = Release|ARM
		{FC18A1D3-2E25-4824-BC3B-ECBFEF39F461}.Release|ARM.Build.0 = Release|ARM
		{FC18A1D3-2E25-4824-BC3B-ECBFEF39F461}.Release|ARM.Deploy.0 = Release|ARM
		{FC18A1D3-2E25-4824-BC3B-ECBFEF39F461}.Release|iPhone.ActiveCfg = Release|x86
		{FC18A1D3-2E25-4824-BC3B-ECBFEF39F461}.Release|iPhoneSimulator.ActiveCfg = Release|x86
		{FC18A1D3-2E25-4824-BC3B-ECBFEF39F461}.Release|x64.ActiveCfg = Release|x64
		{FC18A1D3-2E25-4824-BC3B-ECBFEF39F461}.Release|x64.Build.0 = Release|x64
		{FC18A1D3-2E25-4824-BC3B-ECBFEF39F461}.Release|x64.Deploy.0 = Release|x64
		{FC18A1D3-2E25-4824-BC3B-ECBFEF39F461}.Release|x86.ActiveCfg = Release|x86
		{FC18A1D3-2E25-4824-BC3B-ECBFEF39F461}.Release|x86.Build.0 = Release|x86
		{FC18A1D3-2E25-4824-BC3B-ECBFEF39F461}.Release|x86.Deploy.0 = Release|x86
		{95239B9B-56FA-465C-942B-3B06DDFA69E7}.Ad-Hoc|Any CPU.ActiveCfg = Release|Any CPU
		{95239B9B-56FA-465C-942B-3B06DDFA69E7}.Ad-Hoc|Any CPU.Build.0 = Release|Any CPU
		{95239B9B-56FA-465C-942B-3B06DDFA69E7}.Ad-Hoc|Any CPU.Deploy.0 = Release|Any CPU
		{95239B9B-56FA-465C-942B-3B06DDFA69E7}.Ad-Hoc|ARM.ActiveCfg = Release|ARM
		{95239B9B-56FA-465C-942B-3B06DDFA69E7}.Ad-Hoc|ARM.Build.0 = Release|ARM
		{95239B9B-56FA-465C-942B-3B06DDFA69E7}.Ad-Hoc|ARM.Deploy.0 = Release|ARM
		{95239B9B-56FA-465C-942B-3B06DDFA69E7}.Ad-Hoc|iPhone.ActiveCfg = Release|Any CPU
		{95239B9B-56FA-465C-942B-3B06DDFA69E7}.Ad-Hoc|iPhone.Build.0 = Release|Any CPU
		{95239B9B-56FA-465C-942B-3B06DDFA69E7}.Ad-Hoc|iPhone.Deploy.0 = Release|Any CPU
		{95239B9B-56FA-465C-942B-3B06DDFA69E7}.Ad-Hoc|iPhoneSimulator.ActiveCfg = Release|Any CPU
		{95239B9B-56FA-465C-942B-3B06DDFA69E7}.Ad-Hoc|iPhoneSimulator.Build.0 = Release|Any CPU
		{95239B9B-56FA-465C-942B-3B06DDFA69E7}.Ad-Hoc|iPhoneSimulator.Deploy.0 = Release|Any CPU
		{95239B9B-56FA-465C-942B-3B06DDFA69E7}.Ad-Hoc|x64.ActiveCfg = Release|x64
		{95239B9B-56FA-465C-942B-3B06DDFA69E7}.Ad-Hoc|x64.Build.0 = Release|x64
		{95239B9B-56FA-465C-942B-3B06DDFA69E7}.Ad-Hoc|x64.Deploy.0 = Release|x64
		{95239B9B-56FA-465C-942B-3B06DDFA69E7}.Ad-Hoc|x86.ActiveCfg = Release|x86
		{95239B9B-56FA-465C-942B-3B06DDFA69E7}.Ad-Hoc|x86.Build.0 = Release|x86
		{95239B9B-56FA-465C-942B-3B06DDFA69E7}.Ad-Hoc|x86.Deploy.0 = Release|x86
		{95239B9B-56FA-465C-942B-3B06DDFA69E7}.AppStore|Any CPU.ActiveCfg = Release|Any CPU
		{95239B9B-56FA-465C-942B-3B06DDFA69E7}.AppStore|Any CPU.Build.0 = Release|Any CPU
		{95239B9B-56FA-465C-942B-3B06DDFA69E7}.AppStore|Any CPU.Deploy.0 = Release|Any CPU
		{95239B9B-56FA-465C-942B-3B06DDFA69E7}.AppStore|ARM.ActiveCfg = Release|ARM
		{95239B9B-56FA-465C-942B-3B06DDFA69E7}.AppStore|ARM.Build.0 = Release|ARM
		{95239B9B-56FA-465C-942B-3B06DDFA69E7}.AppStore|ARM.Deploy.0 = Release|ARM
		{95239B9B-56FA-465C-942B-3B06DDFA69E7}.AppStore|iPhone.ActiveCfg = Release|Any CPU
		{95239B9B-56FA-465C-942B-3B06DDFA69E7}.AppStore|iPhone.Build.0 = Release|Any CPU
		{95239B9B-56FA-465C-942B-3B06DDFA69E7}.AppStore|iPhone.Deploy.0 = Release|Any CPU
		{95239B9B-56FA-465C-942B-3B06DDFA69E7}.AppStore|iPhoneSimulator.ActiveCfg = Release|Any CPU
		{95239B9B-56FA-465C-942B-3B06DDFA69E7}.AppStore|iPhoneSimulator.Build.0 = Release|Any CPU
		{95239B9B-56FA-465C-942B-3B06DDFA69E7}.AppStore|iPhoneSimulator.Deploy.0 = Release|Any CPU
		{95239B9B-56FA-465C-942B-3B06DDFA69E7}.AppStore|x64.ActiveCfg = Release|x64
		{95239B9B-56FA-465C-942B-3B06DDFA69E7}.AppStore|x64.Build.0 = Release|x64
		{95239B9B-56FA-465C-942B-3B06DDFA69E7}.AppStore|x64.Deploy.0 = Release|x64
		{95239B9B-56FA-465C-942B-3B06DDFA69E7}.AppStore|x86.ActiveCfg = Release|x86
		{95239B9B-56FA-465C-942B-3B06DDFA69E7}.AppStore|x86.Build.0 = Release|x86
		{95239B9B-56FA-465C-942B-3B06DDFA69E7}.AppStore|x86.Deploy.0 = Release|x86
		{95239B9B-56FA-465C-942B-3B06DDFA69E7}.Debug|Any CPU.ActiveCfg = Debug|Any CPU
		{95239B9B-56FA-465C-942B-3B06DDFA69E7}.Debug|Any CPU.Build.0 = Debug|Any CPU
		{95239B9B-56FA-465C-942B-3B06DDFA69E7}.Debug|Any CPU.Deploy.0 = Debug|Any CPU
		{95239B9B-56FA-465C-942B-3B06DDFA69E7}.Debug|ARM.ActiveCfg = Debug|ARM
		{95239B9B-56FA-465C-942B-3B06DDFA69E7}.Debug|ARM.Build.0 = Debug|ARM
		{95239B9B-56FA-465C-942B-3B06DDFA69E7}.Debug|ARM.Deploy.0 = Debug|ARM
		{95239B9B-56FA-465C-942B-3B06DDFA69E7}.Debug|iPhone.ActiveCfg = Debug|Any CPU
		{95239B9B-56FA-465C-942B-3B06DDFA69E7}.Debug|iPhone.Build.0 = Debug|Any CPU
		{95239B9B-56FA-465C-942B-3B06DDFA69E7}.Debug|iPhone.Deploy.0 = Debug|Any CPU
		{95239B9B-56FA-465C-942B-3B06DDFA69E7}.Debug|iPhoneSimulator.ActiveCfg = Debug|Any CPU
		{95239B9B-56FA-465C-942B-3B06DDFA69E7}.Debug|iPhoneSimulator.Build.0 = Debug|Any CPU
		{95239B9B-56FA-465C-942B-3B06DDFA69E7}.Debug|iPhoneSimulator.Deploy.0 = Debug|Any CPU
		{95239B9B-56FA-465C-942B-3B06DDFA69E7}.Debug|x64.ActiveCfg = Debug|x64
		{95239B9B-56FA-465C-942B-3B06DDFA69E7}.Debug|x64.Build.0 = Debug|x64
		{95239B9B-56FA-465C-942B-3B06DDFA69E7}.Debug|x64.Deploy.0 = Debug|x64
		{95239B9B-56FA-465C-942B-3B06DDFA69E7}.Debug|x86.ActiveCfg = Debug|x86
		{95239B9B-56FA-465C-942B-3B06DDFA69E7}.Debug|x86.Build.0 = Debug|x86
		{95239B9B-56FA-465C-942B-3B06DDFA69E7}.Debug|x86.Deploy.0 = Debug|x86
		{95239B9B-56FA-465C-942B-3B06DDFA69E7}.Release|Any CPU.ActiveCfg = Release|Any CPU
		{95239B9B-56FA-465C-942B-3B06DDFA69E7}.Release|Any CPU.Build.0 = Release|Any CPU
		{95239B9B-56FA-465C-942B-3B06DDFA69E7}.Release|Any CPU.Deploy.0 = Release|Any CPU
		{95239B9B-56FA-465C-942B-3B06DDFA69E7}.Release|ARM.ActiveCfg = Release|ARM
		{95239B9B-56FA-465C-942B-3B06DDFA69E7}.Release|ARM.Build.0 = Release|ARM
		{95239B9B-56FA-465C-942B-3B06DDFA69E7}.Release|ARM.Deploy.0 = Release|ARM
		{95239B9B-56FA-465C-942B-3B06DDFA69E7}.Release|iPhone.ActiveCfg = Release|Any CPU
		{95239B9B-56FA-465C-942B-3B06DDFA69E7}.Release|iPhone.Build.0 = Release|Any CPU
		{95239B9B-56FA-465C-942B-3B06DDFA69E7}.Release|iPhone.Deploy.0 = Release|Any CPU
		{95239B9B-56FA-465C-942B-3B06DDFA69E7}.Release|iPhoneSimulator.ActiveCfg = Release|Any CPU
		{95239B9B-56FA-465C-942B-3B06DDFA69E7}.Release|iPhoneSimulator.Build.0 = Release|Any CPU
		{95239B9B-56FA-465C-942B-3B06DDFA69E7}.Release|iPhoneSimulator.Deploy.0 = Release|Any CPU
		{95239B9B-56FA-465C-942B-3B06DDFA69E7}.Release|x64.ActiveCfg = Release|x64
		{95239B9B-56FA-465C-942B-3B06DDFA69E7}.Release|x64.Build.0 = Release|x64
		{95239B9B-56FA-465C-942B-3B06DDFA69E7}.Release|x64.Deploy.0 = Release|x64
		{95239B9B-56FA-465C-942B-3B06DDFA69E7}.Release|x86.ActiveCfg = Release|x86
		{95239B9B-56FA-465C-942B-3B06DDFA69E7}.Release|x86.Build.0 = Release|x86
		{95239B9B-56FA-465C-942B-3B06DDFA69E7}.Release|x86.Deploy.0 = Release|x86
	EndGlobalSection
	GlobalSection(SolutionProperties) = preSolution
		HideSolutionNode = FALSE
	EndGlobalSection
EndGlobal
